
Microsoft Visual Studio Solution File, Format Version 12.00
# Visual Studio 15
Project("{FAE04EC0-301F-11D3-BF4B-00C04F79EFBC}") = "Assembly-CSharp", "Assembly-CSharp.csproj", "{03AAFED0-34BC-F5E2-6B1A-23B80BC6FC54}"
EndProject
Global
	GlobalSection(SolutionConfigurationPlatforms) = preSolution
		Debug|Any CPU = Debug|Any CPU
		Release|Any CPU = Release|Any CPU
	EndGlobalSection
	GlobalSection(ProjectConfigurationPlatforms) = postSolution
		{03AAFED0-34BC-F5E2-6B1A-23B80BC6FC54}.Debug|Any CPU.ActiveCfg = Debug|Any CPU
		{03AAFED0-34BC-F5E2-6B1A-23B80BC6FC54}.Debug|Any CPU.Build.0 = Debug|Any CPU
		{03AAFED0-34BC-F5E2-6B1A-23B80BC6FC54}.Release|Any CPU.ActiveCfg = Release|Any CPU
		{03AAFED0-34BC-F5E2-6B1A-23B80BC6FC54}.Release|Any CPU.Build.0 = Release|Any CPU
	EndGlobalSection
	GlobalSection(SolutionProperties) = preSolution
		HideSolutionNode = FALSE
	EndGlobalSection
EndGlobal
